
Microsoft Visual Studio Solution File, Format Version 12.00
# Visual Studio 2013
VisualStudioVersion = 12.0.31101.0
MinimumVisualStudioVersion = 10.0.40219.1
Project("{FAE04EC0-301F-11D3-BF4B-00C04F79EFBC}") = "Nailhang", "Nailhang\Nailhang.csproj", "{E6C73BF5-6BDC-4D03-9D74-0C4FF95E70D8}"
EndProject
Project("{FAE04EC0-301F-11D3-BF4B-00C04F79EFBC}") = "Nailhang.Tool", "Nailhang.Tool\Nailhang.Tool.csproj", "{D8816610-4D94-4EE2-8F4B-DE18453F0020}"
EndProject
Project("{FAE04EC0-301F-11D3-BF4B-00C04F79EFBC}") = "Nailhang.IndexBase", "Nailhang.IndexBase\Nailhang.IndexBase.csproj", "{2AB1853F-E223-4879-8882-37CCFA0CBBB1}"
EndProject
Project("{FAE04EC0-301F-11D3-BF4B-00C04F79EFBC}") = "Nailhang.Mongodb", "Nailhang.Mongodb\Nailhang.Mongodb.csproj", "{A1299C3C-8FF5-438A-BC8B-95B1A39A350F}"
EndProject
Project("{FAE04EC0-301F-11D3-BF4B-00C04F79EFBC}") = "Nailhang.Processing", "Nailhang.Processing\Nailhang.Processing.csproj", "{BDF81E71-1AD2-49C4-BE8C-FB1B11FCE3D7}"
EndProject
Project("{FAE04EC0-301F-11D3-BF4B-00C04F79EFBC}") = "Nailhang.Web", "Nailhang.Web\Nailhang.Web.csproj", "{042C0642-57FC-4444-9D3C-BFE1B433D0F1}"
EndProject
Global
	GlobalSection(SolutionConfigurationPlatforms) = preSolution
		Debug|Any CPU = Debug|Any CPU
		Release|Any CPU = Release|Any CPU
	EndGlobalSection
	GlobalSection(ProjectConfigurationPlatforms) = postSolution
		{E6C73BF5-6BDC-4D03-9D74-0C4FF95E70D8}.Debug|Any CPU.ActiveCfg = Debug|Any CPU
		{E6C73BF5-6BDC-4D03-9D74-0C4FF95E70D8}.Debug|Any CPU.Build.0 = Debug|Any CPU
		{E6C73BF5-6BDC-4D03-9D74-0C4FF95E70D8}.Release|Any CPU.ActiveCfg = Release|Any CPU
		{E6C73BF5-6BDC-4D03-9D74-0C4FF95E70D8}.Release|Any CPU.Build.0 = Release|Any CPU
		{D8816610-4D94-4EE2-8F4B-DE18453F0020}.Debug|Any CPU.ActiveCfg = Debug|Any CPU
		{D8816610-4D94-4EE2-8F4B-DE18453F0020}.Debug|Any CPU.Build.0 = Debug|Any CPU
		{D8816610-4D94-4EE2-8F4B-DE18453F0020}.Release|Any CPU.ActiveCfg = Release|Any CPU
		{D8816610-4D94-4EE2-8F4B-DE18453F0020}.Release|Any CPU.Build.0 = Release|Any CPU
		{2AB1853F-E223-4879-8882-37CCFA0CBBB1}.Debug|Any CPU.ActiveCfg = Debug|Any CPU
		{2AB1853F-E223-4879-8882-37CCFA0CBBB1}.Debug|Any CPU.Build.0 = Debug|Any CPU
		{2AB1853F-E223-4879-8882-37CCFA0CBBB1}.Release|Any CPU.ActiveCfg = Release|Any CPU
		{2AB1853F-E223-4879-8882-37CCFA0CBBB1}.Release|Any CPU.Build.0 = Release|Any CPU
		{A1299C3C-8FF5-438A-BC8B-95B1A39A350F}.Debug|Any CPU.ActiveCfg = Debug|Any CPU
		{A1299C3C-8FF5-438A-BC8B-95B1A39A350F}.Debug|Any CPU.Build.0 = Debug|Any CPU
		{A1299C3C-8FF5-438A-BC8B-95B1A39A350F}.Release|Any CPU.ActiveCfg = Release|Any CPU
		{A1299C3C-8FF5-438A-BC8B-95B1A39A350F}.Release|Any CPU.Build.0 = Release|Any CPU
		{BDF81E71-1AD2-49C4-BE8C-FB1B11FCE3D7}.Debug|Any CPU.ActiveCfg = Debug|Any CPU
		{BDF81E71-1AD2-49C4-BE8C-FB1B11FCE3D7}.Debug|Any CPU.Build.0 = Debug|Any CPU
		{BDF81E71-1AD2-49C4-BE8C-FB1B11FCE3D7}.Release|Any CPU.ActiveCfg = Release|Any CPU
		{BDF81E71-1AD2-49C4-BE8C-FB1B11FCE3D7}.Release|Any CPU.Build.0 = Release|Any CPU
		{042C0642-57FC-4444-9D3C-BFE1B433D0F1}.Debug|Any CPU.ActiveCfg = Debug|Any CPU
		{042C0642-57FC-4444-9D3C-BFE1B433D0F1}.Debug|Any CPU.Build.0 = Debug|Any CPU
		{042C0642-57FC-4444-9D3C-BFE1B433D0F1}.Release|Any CPU.ActiveCfg = Release|Any CPU
		{042C0642-57FC-4444-9D3C-BFE1B433D0F1}.Release|Any CPU.Build.0 = Release|Any CPU
	EndGlobalSection
	GlobalSection(SolutionProperties) = preSolution
		HideSolutionNode = FALSE
	EndGlobalSection
EndGlobal
