
Microsoft Visual Studio Solution File, Format Version 12.00
# Visual Studio Version 17
VisualStudioVersion = 17.4.33213.308
MinimumVisualStudioVersion = 10.0.40219.1
Project("{9A19103F-16F7-4668-BE54-9A1E7A4F7556}") = "Nailhang.Mongodb", "Nailhang.Mongodb\Nailhang.Mongodb.csproj", "{5371C075-0F22-4C77-91BC-D08CEF02E9D4}"
EndProject
Project("{9A19103F-16F7-4668-BE54-9A1E7A4F7556}") = "Nailhang.IndexBase", "Nailhang.IndexBase\Nailhang.IndexBase.csproj", "{F22CF5F1-B614-420C-B8AD-9A527DFC3681}"
EndProject
Project("{9A19103F-16F7-4668-BE54-9A1E7A4F7556}") = "Nailhang", "Nailhang\Nailhang.csproj", "{EC558B91-D692-4A12-AFD8-12830949FAC9}"
EndProject
Project("{9A19103F-16F7-4668-BE54-9A1E7A4F7556}") = "Nailhang.Tool", "Nailhang.Tool\Nailhang.Tool.csproj", "{00CD39F1-FF75-4584-A85F-87F53DF0D984}"
EndProject
Project("{9A19103F-16F7-4668-BE54-9A1E7A4F7556}") = "Nailhang.MVoxLease", "Nailhang.MVoxLease\Nailhang.MVoxLease.csproj", "{F2194670-FBAD-4D0E-A58B-708C2BC0B164}"
EndProject
Project("{9A19103F-16F7-4668-BE54-9A1E7A4F7556}") = "Nailhang.Processing", "Nailhang.Processing\Nailhang.Processing.csproj", "{1627EBC5-7340-48C7-B874-20B92DFDEC8D}"
EndProject
Project("{9A19103F-16F7-4668-BE54-9A1E7A4F7556}") = "Nailhang.Blazor", "Nailhang.Blazor\Nailhang.Blazor.csproj", "{75758013-3426-4174-9810-E1CB07B207FD}"
EndProject
Project("{9A19103F-16F7-4668-BE54-9A1E7A4F7556}") = "Nailhang.Display", "Nailhang.Display\Nailhang.Display.csproj", "{A059F6BF-4063-4E58-975F-E15832BBAD7B}"
EndProject
Project("{9A19103F-16F7-4668-BE54-9A1E7A4F7556}") = "Nailhang.TestLauncher", "Nailhang.TestLauncher\Nailhang.TestLauncher.csproj", "{82A1C847-9A6C-4297-B140-96A03FC96DF2}"
EndProject
Project("{9A19103F-16F7-4668-BE54-9A1E7A4F7556}") = "Nailhang.IntegrationTests", "Nailhang.IntegrationTests\Nailhang.IntegrationTests.csproj", "{11B87B1F-CD2F-4FF2-BBBB-37A98514A507}"
EndProject
Global
	GlobalSection(SolutionConfigurationPlatforms) = preSolution
		Debug|Any CPU = Debug|Any CPU
		Release|Any CPU = Release|Any CPU
	EndGlobalSection
	GlobalSection(ProjectConfigurationPlatforms) = postSolution
		{5371C075-0F22-4C77-91BC-D08CEF02E9D4}.Debug|Any CPU.ActiveCfg = Debug|Any CPU
		{5371C075-0F22-4C77-91BC-D08CEF02E9D4}.Debug|Any CPU.Build.0 = Debug|Any CPU
		{5371C075-0F22-4C77-91BC-D08CEF02E9D4}.Release|Any CPU.ActiveCfg = Release|Any CPU
		{5371C075-0F22-4C77-91BC-D08CEF02E9D4}.Release|Any CPU.Build.0 = Release|Any CPU
		{F22CF5F1-B614-420C-B8AD-9A527DFC3681}.Debug|Any CPU.ActiveCfg = Debug|Any CPU
		{F22CF5F1-B614-420C-B8AD-9A527DFC3681}.Debug|Any CPU.Build.0 = Debug|Any CPU
		{F22CF5F1-B614-420C-B8AD-9A527DFC3681}.Release|Any CPU.ActiveCfg = Release|Any CPU
		{F22CF5F1-B614-420C-B8AD-9A527DFC3681}.Release|Any CPU.Build.0 = Release|Any CPU
		{EC558B91-D692-4A12-AFD8-12830949FAC9}.Debug|Any CPU.ActiveCfg = Debug|Any CPU
		{EC558B91-D692-4A12-AFD8-12830949FAC9}.Debug|Any CPU.Build.0 = Debug|Any CPU
		{EC558B91-D692-4A12-AFD8-12830949FAC9}.Release|Any CPU.ActiveCfg = Release|Any CPU
		{EC558B91-D692-4A12-AFD8-12830949FAC9}.Release|Any CPU.Build.0 = Release|Any CPU
		{00CD39F1-FF75-4584-A85F-87F53DF0D984}.Debug|Any CPU.ActiveCfg = Debug|Any CPU
		{00CD39F1-FF75-4584-A85F-87F53DF0D984}.Debug|Any CPU.Build.0 = Debug|Any CPU
		{00CD39F1-FF75-4584-A85F-87F53DF0D984}.Release|Any CPU.ActiveCfg = Release|Any CPU
		{00CD39F1-FF75-4584-A85F-87F53DF0D984}.Release|Any CPU.Build.0 = Release|Any CPU
		{F2194670-FBAD-4D0E-A58B-708C2BC0B164}.Debug|Any CPU.ActiveCfg = Debug|Any CPU
		{F2194670-FBAD-4D0E-A58B-708C2BC0B164}.Debug|Any CPU.Build.0 = Debug|Any CPU
		{F2194670-FBAD-4D0E-A58B-708C2BC0B164}.Release|Any CPU.ActiveCfg = Release|Any CPU
		{F2194670-FBAD-4D0E-A58B-708C2BC0B164}.Release|Any CPU.Build.0 = Release|Any CPU
		{1627EBC5-7340-48C7-B874-20B92DFDEC8D}.Debug|Any CPU.ActiveCfg = Debug|Any CPU
		{1627EBC5-7340-48C7-B874-20B92DFDEC8D}.Debug|Any CPU.Build.0 = Debug|Any CPU
		{1627EBC5-7340-48C7-B874-20B92DFDEC8D}.Release|Any CPU.ActiveCfg = Release|Any CPU
		{1627EBC5-7340-48C7-B874-20B92DFDEC8D}.Release|Any CPU.Build.0 = Release|Any CPU
		{75758013-3426-4174-9810-E1CB07B207FD}.Debug|Any CPU.ActiveCfg = Debug|Any CPU
		{75758013-3426-4174-9810-E1CB07B207FD}.Debug|Any CPU.Build.0 = Debug|Any CPU
		{75758013-3426-4174-9810-E1CB07B207FD}.Release|Any CPU.ActiveCfg = Release|Any CPU
		{75758013-3426-4174-9810-E1CB07B207FD}.Release|Any CPU.Build.0 = Release|Any CPU
		{A059F6BF-4063-4E58-975F-E15832BBAD7B}.Debug|Any CPU.ActiveCfg = Debug|Any CPU
		{A059F6BF-4063-4E58-975F-E15832BBAD7B}.Debug|Any CPU.Build.0 = Debug|Any CPU
		{A059F6BF-4063-4E58-975F-E15832BBAD7B}.Release|Any CPU.ActiveCfg = Release|Any CPU
		{A059F6BF-4063-4E58-975F-E15832BBAD7B}.Release|Any CPU.Build.0 = Release|Any CPU
		{82A1C847-9A6C-4297-B140-96A03FC96DF2}.Debug|Any CPU.ActiveCfg = Debug|Any CPU
		{82A1C847-9A6C-4297-B140-96A03FC96DF2}.Debug|Any CPU.Build.0 = Debug|Any CPU
		{82A1C847-9A6C-4297-B140-96A03FC96DF2}.Release|Any CPU.ActiveCfg = Release|Any CPU
		{82A1C847-9A6C-4297-B140-96A03FC96DF2}.Release|Any CPU.Build.0 = Release|Any CPU
		{11B87B1F-CD2F-4FF2-BBBB-37A98514A507}.Debug|Any CPU.ActiveCfg = Debug|Any CPU
		{11B87B1F-CD2F-4FF2-BBBB-37A98514A507}.Debug|Any CPU.Build.0 = Debug|Any CPU
		{11B87B1F-CD2F-4FF2-BBBB-37A98514A507}.Release|Any CPU.ActiveCfg = Release|Any CPU
		{11B87B1F-CD2F-4FF2-BBBB-37A98514A507}.Release|Any CPU.Build.0 = Release|Any CPU
	EndGlobalSection
	GlobalSection(SolutionProperties) = preSolution
		HideSolutionNode = FALSE
	EndGlobalSection
	GlobalSection(ExtensibilityGlobals) = postSolution
		SolutionGuid = {85473518-79C6-4C2A-8D72-F8E37CAFA36B}
	EndGlobalSection
EndGlobal
