
Microsoft Visual Studio Solution File, Format Version 12.00
# Visual Studio 15
VisualStudioVersion = 15.0.27428.2027
MinimumVisualStudioVersion = 10.0.40219.1
Project("{9A19103F-16F7-4668-BE54-9A1E7A4F7556}") = "Nailhang.Svn", "Nailhang.Svn\Nailhang.Svn.csproj", "{B2C4FAD7-1DA4-4550-AE1D-C9EF0CAEA288}"
EndProject
Project("{9A19103F-16F7-4668-BE54-9A1E7A4F7556}") = "Nailhang.Mongodb", "Nailhang.Mongodb\Nailhang.Mongodb.csproj", "{5371C075-0F22-4C77-91BC-D08CEF02E9D4}"
EndProject
Project("{9A19103F-16F7-4668-BE54-9A1E7A4F7556}") = "Nailhang.IndexBase", "Nailhang.IndexBase\Nailhang.IndexBase.csproj", "{F22CF5F1-B614-420C-B8AD-9A527DFC3681}"
EndProject
Project("{9A19103F-16F7-4668-BE54-9A1E7A4F7556}") = "Nailhang", "Nailhang\Nailhang.csproj", "{EC558B91-D692-4A12-AFD8-12830949FAC9}"
EndProject
Project("{9A19103F-16F7-4668-BE54-9A1E7A4F7556}") = "Nailhang.Silo", "Nailhang.Silo\Nailhang.Silo.csproj", "{8AA190AB-749F-40C0-B86B-DFD23FC10206}"
EndProject
Project("{9A19103F-16F7-4668-BE54-9A1E7A4F7556}") = "Nailhang.Services.Interfaces", "Nailhang.Services.Interfaces\Nailhang.Services.Interfaces.csproj", "{B4187AB8-3C3A-4D24-B012-B05FC67ED4E5}"
EndProject
Project("{9A19103F-16F7-4668-BE54-9A1E7A4F7556}") = "Nailhang.Services.ModulesMarks", "Nailhang.Services.ModulesMarks\Nailhang.Services.ModulesMarks.csproj", "{02408D51-2F05-441D-987F-1F229DC6E999}"
EndProject
Project("{9A19103F-16F7-4668-BE54-9A1E7A4F7556}") = "Nailhang.Web", "Nailhang.Web\Nailhang.Web.csproj", "{381213E1-5792-477D-96EA-3CEE3ADD6970}"
EndProject
Global
	GlobalSection(SolutionConfigurationPlatforms) = preSolution
		Debug|Any CPU = Debug|Any CPU
		Release|Any CPU = Release|Any CPU
	EndGlobalSection
	GlobalSection(ProjectConfigurationPlatforms) = postSolution
		{B2C4FAD7-1DA4-4550-AE1D-C9EF0CAEA288}.Debug|Any CPU.ActiveCfg = Debug|Any CPU
		{B2C4FAD7-1DA4-4550-AE1D-C9EF0CAEA288}.Debug|Any CPU.Build.0 = Debug|Any CPU
		{B2C4FAD7-1DA4-4550-AE1D-C9EF0CAEA288}.Release|Any CPU.ActiveCfg = Release|Any CPU
		{B2C4FAD7-1DA4-4550-AE1D-C9EF0CAEA288}.Release|Any CPU.Build.0 = Release|Any CPU
		{5371C075-0F22-4C77-91BC-D08CEF02E9D4}.Debug|Any CPU.ActiveCfg = Debug|Any CPU
		{5371C075-0F22-4C77-91BC-D08CEF02E9D4}.Debug|Any CPU.Build.0 = Debug|Any CPU
		{5371C075-0F22-4C77-91BC-D08CEF02E9D4}.Release|Any CPU.ActiveCfg = Release|Any CPU
		{5371C075-0F22-4C77-91BC-D08CEF02E9D4}.Release|Any CPU.Build.0 = Release|Any CPU
		{F22CF5F1-B614-420C-B8AD-9A527DFC3681}.Debug|Any CPU.ActiveCfg = Debug|Any CPU
		{F22CF5F1-B614-420C-B8AD-9A527DFC3681}.Debug|Any CPU.Build.0 = Debug|Any CPU
		{F22CF5F1-B614-420C-B8AD-9A527DFC3681}.Release|Any CPU.ActiveCfg = Release|Any CPU
		{F22CF5F1-B614-420C-B8AD-9A527DFC3681}.Release|Any CPU.Build.0 = Release|Any CPU
		{EC558B91-D692-4A12-AFD8-12830949FAC9}.Debug|Any CPU.ActiveCfg = Debug|Any CPU
		{EC558B91-D692-4A12-AFD8-12830949FAC9}.Debug|Any CPU.Build.0 = Debug|Any CPU
		{EC558B91-D692-4A12-AFD8-12830949FAC9}.Release|Any CPU.ActiveCfg = Release|Any CPU
		{EC558B91-D692-4A12-AFD8-12830949FAC9}.Release|Any CPU.Build.0 = Release|Any CPU
		{8AA190AB-749F-40C0-B86B-DFD23FC10206}.Debug|Any CPU.ActiveCfg = Debug|Any CPU
		{8AA190AB-749F-40C0-B86B-DFD23FC10206}.Debug|Any CPU.Build.0 = Debug|Any CPU
		{8AA190AB-749F-40C0-B86B-DFD23FC10206}.Release|Any CPU.ActiveCfg = Release|Any CPU
		{8AA190AB-749F-40C0-B86B-DFD23FC10206}.Release|Any CPU.Build.0 = Release|Any CPU
		{B4187AB8-3C3A-4D24-B012-B05FC67ED4E5}.Debug|Any CPU.ActiveCfg = Debug|Any CPU
		{B4187AB8-3C3A-4D24-B012-B05FC67ED4E5}.Debug|Any CPU.Build.0 = Debug|Any CPU
		{B4187AB8-3C3A-4D24-B012-B05FC67ED4E5}.Release|Any CPU.ActiveCfg = Release|Any CPU
		{B4187AB8-3C3A-4D24-B012-B05FC67ED4E5}.Release|Any CPU.Build.0 = Release|Any CPU
		{02408D51-2F05-441D-987F-1F229DC6E999}.Debug|Any CPU.ActiveCfg = Debug|Any CPU
		{02408D51-2F05-441D-987F-1F229DC6E999}.Debug|Any CPU.Build.0 = Debug|Any CPU
		{02408D51-2F05-441D-987F-1F229DC6E999}.Release|Any CPU.ActiveCfg = Release|Any CPU
		{02408D51-2F05-441D-987F-1F229DC6E999}.Release|Any CPU.Build.0 = Release|Any CPU
		{381213E1-5792-477D-96EA-3CEE3ADD6970}.Debug|Any CPU.ActiveCfg = Debug|Any CPU
		{381213E1-5792-477D-96EA-3CEE3ADD6970}.Debug|Any CPU.Build.0 = Debug|Any CPU
		{381213E1-5792-477D-96EA-3CEE3ADD6970}.Release|Any CPU.ActiveCfg = Release|Any CPU
		{381213E1-5792-477D-96EA-3CEE3ADD6970}.Release|Any CPU.Build.0 = Release|Any CPU
	EndGlobalSection
	GlobalSection(SolutionProperties) = preSolution
		HideSolutionNode = FALSE
	EndGlobalSection
	GlobalSection(ExtensibilityGlobals) = postSolution
		SolutionGuid = {85473518-79C6-4C2A-8D72-F8E37CAFA36B}
	EndGlobalSection
EndGlobal
