
Microsoft Visual Studio Solution File, Format Version 12.00
# Visual Studio 15
VisualStudioVersion = 15.0.26228.4
MinimumVisualStudioVersion = 10.0.40219.1
Project("{9A19103F-16F7-4668-BE54-9A1E7A4F7556}") = "Nailhang", "Nailhang.csproj", "{2E8834D1-03BF-49B1-B1FE-CDF1386900A7}"
EndProject
Project("{9A19103F-16F7-4668-BE54-9A1E7A4F7556}") = "Nailhang.IndexBase", "..\Nailhang.IndexBase\Nailhang.IndexBase.csproj", "{64DFA83A-723C-4FEB-B9CD-936D4E0A8204}"
EndProject
Project("{9A19103F-16F7-4668-BE54-9A1E7A4F7556}") = "Nailhang.Mongodb", "..\Nailhang.Mongodb\Nailhang.Mongodb.csproj", "{62A0AB41-F07F-412C-AE11-35CF57C1F223}"
EndProject
Project("{9A19103F-16F7-4668-BE54-9A1E7A4F7556}") = "Nailhang.Mongodb.Tests", "..\Nailhang.Mongodb.Tests\Nailhang.Mongodb.Tests.csproj", "{AD6CDDF1-263B-43E0-9C48-0347B0314744}"
EndProject
Project("{9A19103F-16F7-4668-BE54-9A1E7A4F7556}") = "Nailhang.Processing", "..\Nailhang.Processing\Nailhang.Processing.csproj", "{1C76C7E5-6563-4852-955D-5426B6BDBCD8}"
EndProject
Project("{9A19103F-16F7-4668-BE54-9A1E7A4F7556}") = "Nailhang.Tool", "..\Nailhang.Tool\Nailhang.Tool.csproj", "{413EB8D3-41BE-4A68-B9FE-4F36465DFC62}"
EndProject
Project("{9A19103F-16F7-4668-BE54-9A1E7A4F7556}") = "Nailhang.Web", "..\Nailhang.Web\Nailhang.Web.csproj", "{CDF773B9-CBCF-4FEB-9129-5CA65AD075E8}"
EndProject
Project("{9A19103F-16F7-4668-BE54-9A1E7A4F7556}") = "Nailhang.MVoxLease", "..\Nailhang.MVoxLease\Nailhang.MVoxLease.csproj", "{E35FBBBB-D74D-4D2A-B7FC-CD9F3EB76FD7}"
EndProject
Global
	GlobalSection(SolutionConfigurationPlatforms) = preSolution
		Debug|Any CPU = Debug|Any CPU
		Release|Any CPU = Release|Any CPU
	EndGlobalSection
	GlobalSection(ProjectConfigurationPlatforms) = postSolution
		{2E8834D1-03BF-49B1-B1FE-CDF1386900A7}.Debug|Any CPU.ActiveCfg = Debug|Any CPU
		{2E8834D1-03BF-49B1-B1FE-CDF1386900A7}.Debug|Any CPU.Build.0 = Debug|Any CPU
		{2E8834D1-03BF-49B1-B1FE-CDF1386900A7}.Release|Any CPU.ActiveCfg = Release|Any CPU
		{2E8834D1-03BF-49B1-B1FE-CDF1386900A7}.Release|Any CPU.Build.0 = Release|Any CPU
		{64DFA83A-723C-4FEB-B9CD-936D4E0A8204}.Debug|Any CPU.ActiveCfg = Debug|Any CPU
		{64DFA83A-723C-4FEB-B9CD-936D4E0A8204}.Debug|Any CPU.Build.0 = Debug|Any CPU
		{64DFA83A-723C-4FEB-B9CD-936D4E0A8204}.Release|Any CPU.ActiveCfg = Release|Any CPU
		{64DFA83A-723C-4FEB-B9CD-936D4E0A8204}.Release|Any CPU.Build.0 = Release|Any CPU
		{62A0AB41-F07F-412C-AE11-35CF57C1F223}.Debug|Any CPU.ActiveCfg = Debug|Any CPU
		{62A0AB41-F07F-412C-AE11-35CF57C1F223}.Debug|Any CPU.Build.0 = Debug|Any CPU
		{62A0AB41-F07F-412C-AE11-35CF57C1F223}.Release|Any CPU.ActiveCfg = Release|Any CPU
		{62A0AB41-F07F-412C-AE11-35CF57C1F223}.Release|Any CPU.Build.0 = Release|Any CPU
		{AD6CDDF1-263B-43E0-9C48-0347B0314744}.Debug|Any CPU.ActiveCfg = Debug|Any CPU
		{AD6CDDF1-263B-43E0-9C48-0347B0314744}.Debug|Any CPU.Build.0 = Debug|Any CPU
		{AD6CDDF1-263B-43E0-9C48-0347B0314744}.Release|Any CPU.ActiveCfg = Release|Any CPU
		{AD6CDDF1-263B-43E0-9C48-0347B0314744}.Release|Any CPU.Build.0 = Release|Any CPU
		{1C76C7E5-6563-4852-955D-5426B6BDBCD8}.Debug|Any CPU.ActiveCfg = Debug|Any CPU
		{1C76C7E5-6563-4852-955D-5426B6BDBCD8}.Debug|Any CPU.Build.0 = Debug|Any CPU
		{1C76C7E5-6563-4852-955D-5426B6BDBCD8}.Release|Any CPU.ActiveCfg = Release|Any CPU
		{1C76C7E5-6563-4852-955D-5426B6BDBCD8}.Release|Any CPU.Build.0 = Release|Any CPU
		{413EB8D3-41BE-4A68-B9FE-4F36465DFC62}.Debug|Any CPU.ActiveCfg = Debug|Any CPU
		{413EB8D3-41BE-4A68-B9FE-4F36465DFC62}.Debug|Any CPU.Build.0 = Debug|Any CPU
		{413EB8D3-41BE-4A68-B9FE-4F36465DFC62}.Release|Any CPU.ActiveCfg = Release|Any CPU
		{413EB8D3-41BE-4A68-B9FE-4F36465DFC62}.Release|Any CPU.Build.0 = Release|Any CPU
		{CDF773B9-CBCF-4FEB-9129-5CA65AD075E8}.Debug|Any CPU.ActiveCfg = Debug|Any CPU
		{CDF773B9-CBCF-4FEB-9129-5CA65AD075E8}.Debug|Any CPU.Build.0 = Debug|Any CPU
		{CDF773B9-CBCF-4FEB-9129-5CA65AD075E8}.Release|Any CPU.ActiveCfg = Release|Any CPU
		{CDF773B9-CBCF-4FEB-9129-5CA65AD075E8}.Release|Any CPU.Build.0 = Release|Any CPU
		{E35FBBBB-D74D-4D2A-B7FC-CD9F3EB76FD7}.Debug|Any CPU.ActiveCfg = Debug|Any CPU
		{E35FBBBB-D74D-4D2A-B7FC-CD9F3EB76FD7}.Debug|Any CPU.Build.0 = Debug|Any CPU
		{E35FBBBB-D74D-4D2A-B7FC-CD9F3EB76FD7}.Release|Any CPU.ActiveCfg = Release|Any CPU
		{E35FBBBB-D74D-4D2A-B7FC-CD9F3EB76FD7}.Release|Any CPU.Build.0 = Release|Any CPU
	EndGlobalSection
	GlobalSection(SolutionProperties) = preSolution
		HideSolutionNode = FALSE
	EndGlobalSection
	GlobalSection(ExtensibilityGlobals) = postSolution
		SolutionGuid = {B8F7670C-BF9F-4B24-BE35-0E096F74B618}
	EndGlobalSection
EndGlobal
